
Microsoft Visual Studio Solution File, Format Version 12.00
Project("{FAE04EC0-301F-11D3-BF4B-00C04F79EFBC}") = "AnimalGameStore", "AnimalGameStore\AnimalGameStore.csproj", "{4209D86C-8936-41AB-A3CC-681271D4196E}"
EndProject
Project("{FAE04EC0-301F-11D3-BF4B-00C04F79EFBC}") = "GameTests", "GameTests\GameTests.csproj", "{C6E69A03-DFB5-4A96-AF02-110C73CE698E}"
EndProject
Global
	GlobalSection(SolutionConfigurationPlatforms) = preSolution
		Debug|Any CPU = Debug|Any CPU
		Release|Any CPU = Release|Any CPU
	EndGlobalSection
	GlobalSection(ProjectConfigurationPlatforms) = postSolution
		{4209D86C-8936-41AB-A3CC-681271D4196E}.Debug|Any CPU.ActiveCfg = Debug|Any CPU
		{4209D86C-8936-41AB-A3CC-681271D4196E}.Debug|Any CPU.Build.0 = Debug|Any CPU
		{4209D86C-8936-41AB-A3CC-681271D4196E}.Release|Any CPU.ActiveCfg = Release|Any CPU
		{4209D86C-8936-41AB-A3CC-681271D4196E}.Release|Any CPU.Build.0 = Release|Any CPU
		{C6E69A03-DFB5-4A96-AF02-110C73CE698E}.Debug|Any CPU.ActiveCfg = Debug|Any CPU
		{C6E69A03-DFB5-4A96-AF02-110C73CE698E}.Debug|Any CPU.Build.0 = Debug|Any CPU
		{C6E69A03-DFB5-4A96-AF02-110C73CE698E}.Release|Any CPU.ActiveCfg = Release|Any CPU
		{C6E69A03-DFB5-4A96-AF02-110C73CE698E}.Release|Any CPU.Build.0 = Release|Any CPU
	EndGlobalSection
EndGlobal
